
Microsoft Visual Studio Solution File, Format Version 12.00
# Visual Studio Version 17
VisualStudioVersion = 17.3.32901.215
MinimumVisualStudioVersion = 10.0.40219.1
Project("{FAE04EC0-301F-11D3-BF4B-00C04F79EFBC}") = "WindowsFormsApp1", "WindowsFormsApp1\WindowsFormsApp1.csproj", "{B235B3B0-0B88-4130-8475-61AA261CDED8}"
EndProject
Global
	GlobalSection(SolutionConfigurationPlatforms) = preSolution
		Debug|Any CPU = Debug|Any CPU
		Release|Any CPU = Release|Any CPU
	EndGlobalSection
	GlobalSection(ProjectConfigurationPlatforms) = postSolution
		{B235B3B0-0B88-4130-8475-61AA261CDED8}.Debug|Any CPU.ActiveCfg = Debug|Any CPU
		{B235B3B0-0B88-4130-8475-61AA261CDED8}.Debug|Any CPU.Build.0 = Debug|Any CPU
		{B235B3B0-0B88-4130-8475-61AA261CDED8}.Release|Any CPU.ActiveCfg = Release|Any CPU
		{B235B3B0-0B88-4130-8475-61AA261CDED8}.Release|Any CPU.Build.0 = Release|Any CPU
	EndGlobalSection
	GlobalSection(SolutionProperties) = preSolution
		HideSolutionNode = FALSE
	EndGlobalSection
	GlobalSection(ExtensibilityGlobals) = postSolution
		SolutionGuid = {5CCEB2D2-A6A5-445E-9788-3FDABA124FE1}
	EndGlobalSection
EndGlobal
